
Microsoft Visual Studio Solution File, Format Version 12.00
# Visual Studio Version 17
VisualStudioVersion = 17.0.32112.339
MinimumVisualStudioVersion = 10.0.40219.1
Project("{FAE04EC0-301F-11D3-BF4B-00C04F79EFBC}") = "DataScraper.Worker", "DataScraper.Worker\DataScraper.Worker.csproj", "{B8509933-2F8B-43CA-81BB-A8222DAE1722}"
EndProject
Project("{FAE04EC0-301F-11D3-BF4B-00C04F79EFBC}") = "DataScraper.Data", "DataScraper.Data\DataScraper.Data.csproj", "{C8652185-29A0-4BFE-B0C5-3B7A0E1EBD9F}"
EndProject
Project("{FAE04EC0-301F-11D3-BF4B-00C04F79EFBC}") = "DataScraper.Main", "DataScraper.Main\DataScraper.Main.csproj", "{83CFB02F-22E3-491C-A16E-0E6C869AF08A}"
EndProject
Global
	GlobalSection(SolutionConfigurationPlatforms) = preSolution
		Debug|Any CPU = Debug|Any CPU
		Release|Any CPU = Release|Any CPU
	EndGlobalSection
	GlobalSection(ProjectConfigurationPlatforms) = postSolution
		{B8509933-2F8B-43CA-81BB-A8222DAE1722}.Debug|Any CPU.ActiveCfg = Debug|Any CPU
		{B8509933-2F8B-43CA-81BB-A8222DAE1722}.Debug|Any CPU.Build.0 = Debug|Any CPU
		{B8509933-2F8B-43CA-81BB-A8222DAE1722}.Release|Any CPU.ActiveCfg = Release|Any CPU
		{B8509933-2F8B-43CA-81BB-A8222DAE1722}.Release|Any CPU.Build.0 = Release|Any CPU
		{C8652185-29A0-4BFE-B0C5-3B7A0E1EBD9F}.Debug|Any CPU.ActiveCfg = Debug|Any CPU
		{C8652185-29A0-4BFE-B0C5-3B7A0E1EBD9F}.Debug|Any CPU.Build.0 = Debug|Any CPU
		{C8652185-29A0-4BFE-B0C5-3B7A0E1EBD9F}.Release|Any CPU.ActiveCfg = Release|Any CPU
		{C8652185-29A0-4BFE-B0C5-3B7A0E1EBD9F}.Release|Any CPU.Build.0 = Release|Any CPU
		{83CFB02F-22E3-491C-A16E-0E6C869AF08A}.Debug|Any CPU.ActiveCfg = Debug|Any CPU
		{83CFB02F-22E3-491C-A16E-0E6C869AF08A}.Debug|Any CPU.Build.0 = Debug|Any CPU
		{83CFB02F-22E3-491C-A16E-0E6C869AF08A}.Release|Any CPU.ActiveCfg = Release|Any CPU
		{83CFB02F-22E3-491C-A16E-0E6C869AF08A}.Release|Any CPU.Build.0 = Release|Any CPU
	EndGlobalSection
	GlobalSection(SolutionProperties) = preSolution
		HideSolutionNode = FALSE
	EndGlobalSection
	GlobalSection(ExtensibilityGlobals) = postSolution
		SolutionGuid = {704E3D9D-8552-484D-BE72-BE62147F198E}
	EndGlobalSection
EndGlobal
